// !$*UTF8*$!
{
	archiveVersion = 1;
	classes = {
	};
	objectVersion = 46;
	objects = {

/* Begin PBXBuildFile section */
		111178F61EB637FB002D0905 /* TCPAuthenticationController.swift in Sources */ = {isa = PBXBuildFile; fileRef = 111178F51EB637FB002D0905 /* TCPAuthenticationController.swift */; };
		11296B8E1EA44AB500DFFE3A /* AppDelegate.swift in Sources */ = {isa = PBXBuildFile; fileRef = 11296B8D1EA44AB500DFFE3A /* AppDelegate.swift */; };
		11296B901EA44AB500DFFE3A /* TCPJourneyPostController.swift in Sources */ = {isa = PBXBuildFile; fileRef = 11296B8F1EA44AB500DFFE3A /* TCPJourneyPostController.swift */; };
		11296B951EA44AB500DFFE3A /* Main.storyboard in Resources */ = {isa = PBXBuildFile; fileRef = 11296B931EA44AB500DFFE3A /* Main.storyboard */; };
		11296B971EA44AB500DFFE3A /* Assets.xcassets in Resources */ = {isa = PBXBuildFile; fileRef = 11296B961EA44AB500DFFE3A /* Assets.xcassets */; };
		11296B9A1EA44AB500DFFE3A /* LaunchScreen.storyboard in Resources */ = {isa = PBXBuildFile; fileRef = 11296B981EA44AB500DFFE3A /* LaunchScreen.storyboard */; };
		1174A34F1EB60D5C00E3BD35 /* TCPNavigatorController.swift in Sources */ = {isa = PBXBuildFile; fileRef = 1174A34E1EB60D5C00E3BD35 /* TCPNavigatorController.swift */; };
		119D56891EB6280A00F77A4F /* ProximaNova-Regular.ttf in Resources */ = {isa = PBXBuildFile; fileRef = 119D56881EB6280A00F77A4F /* ProximaNova-Regular.ttf */; };
		119D568B1EB6340400F77A4F /* ProximaNova-Semibold.ttf in Resources */ = {isa = PBXBuildFile; fileRef = 119D568A1EB6340400F77A4F /* ProximaNova-Semibold.ttf */; };
		11EDC0971EACEE0D003A0ADD /* TCPTabBarController.swift in Sources */ = {isa = PBXBuildFile; fileRef = 11EDC0961EACEE0D003A0ADD /* TCPTabBarController.swift */; };
		11F615701EB6B3D0000FC422 /* ProximaNova-Bold.ttf in Resources */ = {isa = PBXBuildFile; fileRef = 11F6156F1EB6B3D0000FC422 /* ProximaNova-Bold.ttf */; };
		11FD85A51EB50CFD00FBDE55 /* TCPJourneyPost.swift in Sources */ = {isa = PBXBuildFile; fileRef = 11FD85A41EB50CFD00FBDE55 /* TCPJourneyPost.swift */; };
		11FD85A81EB55FEA00FBDE55 /* Journey.swift in Sources */ = {isa = PBXBuildFile; fileRef = 11FD85A71EB55FEA00FBDE55 /* Journey.swift */; };
		994E0B2C02D51B764D9F0A19 /* Pods_Traveling_Children_Project.framework in Frameworks */ = {isa = PBXBuildFile; fileRef = 8687EB342DE5C63457F43643 /* Pods_Traveling_Children_Project.framework */; };
/* End PBXBuildFile section */

/* Begin PBXFileReference section */
		111178F51EB637FB002D0905 /* TCPAuthenticationController.swift */ = {isa = PBXFileReference; fileEncoding = 4; lastKnownFileType = sourcecode.swift; path = TCPAuthenticationController.swift; sourceTree = "<group>"; };
		11296B8A1EA44AB500DFFE3A /* Traveling Children Project.app */ = {isa = PBXFileReference; explicitFileType = wrapper.application; includeInIndex = 0; path = "Traveling Children Project.app"; sourceTree = BUILT_PRODUCTS_DIR; };
		11296B8D1EA44AB500DFFE3A /* AppDelegate.swift */ = {isa = PBXFileReference; lastKnownFileType = sourcecode.swift; path = AppDelegate.swift; sourceTree = "<group>"; };
		11296B8F1EA44AB500DFFE3A /* TCPJourneyPostController.swift */ = {isa = PBXFileReference; lastKnownFileType = sourcecode.swift; path = TCPJourneyPostController.swift; sourceTree = "<group>"; };
		11296B941EA44AB500DFFE3A /* Base */ = {isa = PBXFileReference; lastKnownFileType = file.storyboard; name = Base; path = Base.lproj/Main.storyboard; sourceTree = "<group>"; };
		11296B961EA44AB500DFFE3A /* Assets.xcassets */ = {isa = PBXFileReference; lastKnownFileType = folder.assetcatalog; path = Assets.xcassets; sourceTree = "<group>"; };
		11296B991EA44AB500DFFE3A /* Base */ = {isa = PBXFileReference; lastKnownFileType = file.storyboard; name = Base; path = Base.lproj/LaunchScreen.storyboard; sourceTree = "<group>"; };
		11296B9B1EA44AB500DFFE3A /* Info.plist */ = {isa = PBXFileReference; lastKnownFileType = text.plist.xml; path = Info.plist; sourceTree = "<group>"; };
		1174A34E1EB60D5C00E3BD35 /* TCPNavigatorController.swift */ = {isa = PBXFileReference; fileEncoding = 4; lastKnownFileType = sourcecode.swift; path = TCPNavigatorController.swift; sourceTree = "<group>"; };
		119D56881EB6280A00F77A4F /* ProximaNova-Regular.ttf */ = {isa = PBXFileReference; lastKnownFileType = file; path = "ProximaNova-Regular.ttf"; sourceTree = "<group>"; };
		119D568A1EB6340400F77A4F /* ProximaNova-Semibold.ttf */ = {isa = PBXFileReference; lastKnownFileType = file; path = "ProximaNova-Semibold.ttf"; sourceTree = "<group>"; };
		11EDC0961EACEE0D003A0ADD /* TCPTabBarController.swift */ = {isa = PBXFileReference; fileEncoding = 4; lastKnownFileType = sourcecode.swift; path = TCPTabBarController.swift; sourceTree = "<group>"; };
		11F6156F1EB6B3D0000FC422 /* ProximaNova-Bold.ttf */ = {isa = PBXFileReference; lastKnownFileType = file; path = "ProximaNova-Bold.ttf"; sourceTree = "<group>"; };
		11FD85A41EB50CFD00FBDE55 /* TCPJourneyPost.swift */ = {isa = PBXFileReference; fileEncoding = 4; lastKnownFileType = sourcecode.swift; path = TCPJourneyPost.swift; sourceTree = "<group>"; };
		11FD85A71EB55FEA00FBDE55 /* Journey.swift */ = {isa = PBXFileReference; fileEncoding = 4; lastKnownFileType = sourcecode.swift; path = Journey.swift; sourceTree = "<group>"; };
		362A35C5C5B646F5CA1B420F /* Pods-Traveling Children Project.debug.xcconfig */ = {isa = PBXFileReference; includeInIndex = 1; lastKnownFileType = text.xcconfig; name = "Pods-Traveling Children Project.debug.xcconfig"; path = "Pods/Target Support Files/Pods-Traveling Children Project/Pods-Traveling Children Project.debug.xcconfig"; sourceTree = "<group>"; };
		8687EB342DE5C63457F43643 /* Pods_Traveling_Children_Project.framework */ = {isa = PBXFileReference; explicitFileType = wrapper.framework; includeInIndex = 0; path = Pods_Traveling_Children_Project.framework; sourceTree = BUILT_PRODUCTS_DIR; };
		BBE5ACA350C127DA75C08D8E /* Pods-Traveling Children Project.release.xcconfig */ = {isa = PBXFileReference; includeInIndex = 1; lastKnownFileType = text.xcconfig; name = "Pods-Traveling Children Project.release.xcconfig"; path = "Pods/Target Support Files/Pods-Traveling Children Project/Pods-Traveling Children Project.release.xcconfig"; sourceTree = "<group>"; };
/* End PBXFileReference section */

/* Begin PBXFrameworksBuildPhase section */
		11296B871EA44AB500DFFE3A /* Frameworks */ = {
			isa = PBXFrameworksBuildPhase;
			buildActionMask = 2147483647;
			files = (
				994E0B2C02D51B764D9F0A19 /* Pods_Traveling_Children_Project.framework in Frameworks */,
			);
			runOnlyForDeploymentPostprocessing = 0;
		};
/* End PBXFrameworksBuildPhase section */

/* Begin PBXGroup section */
		11296B811EA44AB500DFFE3A = {
			isa = PBXGroup;
			children = (
				11296B8C1EA44AB500DFFE3A /* Traveling Children Project */,
				11296B8B1EA44AB500DFFE3A /* Products */,
				25EE24C6FE8509CEBE8B8444 /* Pods */,
				E32485F1C42987930E900204 /* Frameworks */,
			);
			sourceTree = "<group>";
		};
		11296B8B1EA44AB500DFFE3A /* Products */ = {
			isa = PBXGroup;
			children = (
				11296B8A1EA44AB500DFFE3A /* Traveling Children Project.app */,
			);
			name = Products;
			sourceTree = "<group>";
		};
		11296B8C1EA44AB500DFFE3A /* Traveling Children Project */ = {
			isa = PBXGroup;
			children = (
				11296B8D1EA44AB500DFFE3A /* AppDelegate.swift */,
				11FD85A91EB55FEE00FBDE55 /* Models */,
				11FD85A61EB50D0400FBDE55 /* Views */,
				11EDC0941EACEDBB003A0ADD /* Controllers */,
				11EDC0951EACEDCA003A0ADD /* Storyboards */,
				11296B961EA44AB500DFFE3A /* Assets.xcassets */,
				11296B9B1EA44AB500DFFE3A /* Info.plist */,
				11B73D5B1EB4DDE800E83D89 /* Fonts */,
			);
			path = "Traveling Children Project";
			sourceTree = "<group>";
		};
		11B73D5B1EB4DDE800E83D89 /* Fonts */ = {
			isa = PBXGroup;
			children = (
				119D56881EB6280A00F77A4F /* ProximaNova-Regular.ttf */,
				119D568A1EB6340400F77A4F /* ProximaNova-Semibold.ttf */,
				11F6156F1EB6B3D0000FC422 /* ProximaNova-Bold.ttf */,
			);
			name = Fonts;
			sourceTree = "<group>";
		};
		11EDC0941EACEDBB003A0ADD /* Controllers */ = {
			isa = PBXGroup;
			children = (
				111178F51EB637FB002D0905 /* TCPAuthenticationController.swift */,
				11EDC0961EACEE0D003A0ADD /* TCPTabBarController.swift */,
				11296B8F1EA44AB500DFFE3A /* TCPJourneyPostController.swift */,
				1174A34E1EB60D5C00E3BD35 /* TCPNavigatorController.swift */,
			);
			name = Controllers;
			sourceTree = "<group>";
		};
		11EDC0951EACEDCA003A0ADD /* Storyboards */ = {
			isa = PBXGroup;
			children = (
				11296B931EA44AB500DFFE3A /* Main.storyboard */,
				11296B981EA44AB500DFFE3A /* LaunchScreen.storyboard */,
			);
			name = Storyboards;
			sourceTree = "<group>";
		};
		11FD85A61EB50D0400FBDE55 /* Views */ = {
			isa = PBXGroup;
			children = (
				11FD85A41EB50CFD00FBDE55 /* TCPJourneyPost.swift */,
			);
			name = Views;
			sourceTree = "<group>";
		};
		11FD85A91EB55FEE00FBDE55 /* Models */ = {
			isa = PBXGroup;
			children = (
				11FD85A71EB55FEA00FBDE55 /* Journey.swift */,
			);
			name = Models;
			sourceTree = "<group>";
		};
		25EE24C6FE8509CEBE8B8444 /* Pods */ = {
			isa = PBXGroup;
			children = (
				362A35C5C5B646F5CA1B420F /* Pods-Traveling Children Project.debug.xcconfig */,
				BBE5ACA350C127DA75C08D8E /* Pods-Traveling Children Project.release.xcconfig */,
			);
			name = Pods;
			sourceTree = "<group>";
		};
		E32485F1C42987930E900204 /* Frameworks */ = {
			isa = PBXGroup;
			children = (
				8687EB342DE5C63457F43643 /* Pods_Traveling_Children_Project.framework */,
			);
			name = Frameworks;
			sourceTree = "<group>";
		};
/* End PBXGroup section */

/* Begin PBXNativeTarget section */
		11296B891EA44AB500DFFE3A /* Traveling Children Project */ = {
			isa = PBXNativeTarget;
			buildConfigurationList = 11296B9E1EA44AB500DFFE3A /* Build configuration list for PBXNativeTarget "Traveling Children Project" */;
			buildPhases = (
				6A8D49CA677A242D92CFD278 /* [CP] Check Pods Manifest.lock */,
				11296B861EA44AB500DFFE3A /* Sources */,
				11296B871EA44AB500DFFE3A /* Frameworks */,
				11296B881EA44AB500DFFE3A /* Resources */,
				48A0B842781C8593BF676EB3 /* [CP] Embed Pods Frameworks */,
				90E8786464172720AC95F189 /* [CP] Copy Pods Resources */,
			);
			buildRules = (
			);
			dependencies = (
			);
			name = "Traveling Children Project";
			productName = "Traveling Children Project";
			productReference = 11296B8A1EA44AB500DFFE3A /* Traveling Children Project.app */;
			productType = "com.apple.product-type.application";
		};
/* End PBXNativeTarget section */

/* Begin PBXProject section */
		11296B821EA44AB500DFFE3A /* Project object */ = {
			isa = PBXProject;
			attributes = {
				LastSwiftUpdateCheck = 0800;
				LastUpgradeCheck = 0800;
				ORGANIZATIONNAME = "Traveling Children Project";
				TargetAttributes = {
					11296B891EA44AB500DFFE3A = {
						CreatedOnToolsVersion = 8.0;
						ProvisioningStyle = Automatic;
					};
				};
			};
			buildConfigurationList = 11296B851EA44AB500DFFE3A /* Build configuration list for PBXProject "Traveling Children Project" */;
			compatibilityVersion = "Xcode 3.2";
			developmentRegion = English;
			hasScannedForEncodings = 0;
			knownRegions = (
				en,
				Base,
			);
			mainGroup = 11296B811EA44AB500DFFE3A;
			productRefGroup = 11296B8B1EA44AB500DFFE3A /* Products */;
			projectDirPath = "";
			projectRoot = "";
			targets = (
				11296B891EA44AB500DFFE3A /* Traveling Children Project */,
			);
		};
/* End PBXProject section */

/* Begin PBXResourcesBuildPhase section */
		11296B881EA44AB500DFFE3A /* Resources */ = {
			isa = PBXResourcesBuildPhase;
			buildActionMask = 2147483647;
			files = (
				11296B9A1EA44AB500DFFE3A /* LaunchScreen.storyboard in Resources */,
				119D56891EB6280A00F77A4F /* ProximaNova-Regular.ttf in Resources */,
				119D568B1EB6340400F77A4F /* ProximaNova-Semibold.ttf in Resources */,
				11296B971EA44AB500DFFE3A /* Assets.xcassets in Resources */,
				11F615701EB6B3D0000FC422 /* ProximaNova-Bold.ttf in Resources */,
				11296B951EA44AB500DFFE3A /* Main.storyboard in Resources */,
			);
			runOnlyForDeploymentPostprocessing = 0;
		};
/* End PBXResourcesBuildPhase section */

/* Begin PBXShellScriptBuildPhase section */
		48A0B842781C8593BF676EB3 /* [CP] Embed Pods Frameworks */ = {
			isa = PBXShellScriptBuildPhase;
			buildActionMask = 2147483647;
			files = (
			);
			inputPaths = (
			);
			name = "[CP] Embed Pods Frameworks";
			outputPaths = (
			);
			runOnlyForDeploymentPostprocessing = 0;
			shellPath = /bin/sh;
			shellScript = "\"${SRCROOT}/Pods/Target Support Files/Pods-Traveling Children Project/Pods-Traveling Children Project-frameworks.sh\"\n";
			showEnvVarsInLog = 0;
		};
		6A8D49CA677A242D92CFD278 /* [CP] Check Pods Manifest.lock */ = {
			isa = PBXShellScriptBuildPhase;
			buildActionMask = 2147483647;
			files = (
			);
			inputPaths = (
			);
			name = "[CP] Check Pods Manifest.lock";
			outputPaths = (
			);
			runOnlyForDeploymentPostprocessing = 0;
			shellPath = /bin/sh;
			shellScript = "diff \"${PODS_PODFILE_DIR_PATH}/Podfile.lock\" \"${PODS_ROOT}/Manifest.lock\" > /dev/null\nif [ $? != 0 ] ; then\n    # print error to STDERR\n    echo \"error: The sandbox is not in sync with the Podfile.lock. Run 'pod install' or update your CocoaPods installation.\" >&2\n    exit 1\nfi\n";
			showEnvVarsInLog = 0;
		};
		90E8786464172720AC95F189 /* [CP] Copy Pods Resources */ = {
			isa = PBXShellScriptBuildPhase;
			buildActionMask = 2147483647;
			files = (
			);
			inputPaths = (
			);
			name = "[CP] Copy Pods Resources";
			outputPaths = (
			);
			runOnlyForDeploymentPostprocessing = 0;
			shellPath = /bin/sh;
			shellScript = "\"${SRCROOT}/Pods/Target Support Files/Pods-Traveling Children Project/Pods-Traveling Children Project-resources.sh\"\n";
			showEnvVarsInLog = 0;
		};
/* End PBXShellScriptBuildPhase section */

/* Begin PBXSourcesBuildPhase section */
		11296B861EA44AB500DFFE3A /* Sources */ = {
			isa = PBXSourcesBuildPhase;
			buildActionMask = 2147483647;
			files = (
				11FD85A81EB55FEA00FBDE55 /* Journey.swift in Sources */,
				1174A34F1EB60D5C00E3BD35 /* TCPNavigatorController.swift in Sources */,
				11EDC0971EACEE0D003A0ADD /* TCPTabBarController.swift in Sources */,
				11FD85A51EB50CFD00FBDE55 /* TCPJourneyPost.swift in Sources */,
				11296B8E1EA44AB500DFFE3A /* AppDelegate.swift in Sources */,
				11296B901EA44AB500DFFE3A /* TCPJourneyPostController.swift in Sources */,
				111178F61EB637FB002D0905 /* TCPAuthenticationController.swift in Sources */,
			);
			runOnlyForDeploymentPostprocessing = 0;
		};
/* End PBXSourcesBuildPhase section */

/* Begin PBXVariantGroup section */
		11296B931EA44AB500DFFE3A /* Main.storyboard */ = {
			isa = PBXVariantGroup;
			children = (
				11296B941EA44AB500DFFE3A /* Base */,
			);
			name = Main.storyboard;
			sourceTree = "<group>";
		};
		11296B981EA44AB500DFFE3A /* LaunchScreen.storyboard */ = {
			isa = PBXVariantGroup;
			children = (
				11296B991EA44AB500DFFE3A /* Base */,
			);
			name = LaunchScreen.storyboard;
			sourceTree = "<group>";
		};
/* End PBXVariantGroup section */

/* Begin XCBuildConfiguration section */
		11296B9C1EA44AB500DFFE3A /* Debug */ = {
			isa = XCBuildConfiguration;
			buildSettings = {
				ALWAYS_SEARCH_USER_PATHS = NO;
				CLANG_ANALYZER_NONNULL = YES;
				CLANG_CXX_LANGUAGE_STANDARD = "gnu++0x";
				CLANG_CXX_LIBRARY = "libc++";
				CLANG_ENABLE_MODULES = YES;
				CLANG_ENABLE_OBJC_ARC = YES;
				CLANG_WARN_BOOL_CONVERSION = YES;
				CLANG_WARN_CONSTANT_CONVERSION = YES;
				CLANG_WARN_DIRECT_OBJC_ISA_USAGE = YES_ERROR;
				CLANG_WARN_DOCUMENTATION_COMMENTS = YES;
				CLANG_WARN_EMPTY_BODY = YES;
				CLANG_WARN_ENUM_CONVERSION = YES;
				CLANG_WARN_INFINITE_RECURSION = YES;
				CLANG_WARN_INT_CONVERSION = YES;
				CLANG_WARN_OBJC_ROOT_CLASS = YES_ERROR;
				CLANG_WARN_SUSPICIOUS_MOVE = YES;
				CLANG_WARN_SUSPICIOUS_MOVES = YES;
				CLANG_WARN_UNREACHABLE_CODE = YES;
				CLANG_WARN__DUPLICATE_METHOD_MATCH = YES;
				"CODE_SIGN_IDENTITY[sdk=iphoneos*]" = "iPhone Developer";
				COPY_PHASE_STRIP = NO;
				DEBUG_INFORMATION_FORMAT = dwarf;
				ENABLE_STRICT_OBJC_MSGSEND = YES;
				ENABLE_TESTABILITY = YES;
				GCC_C_LANGUAGE_STANDARD = gnu99;
				GCC_DYNAMIC_NO_PIC = NO;
				GCC_NO_COMMON_BLOCKS = YES;
				GCC_OPTIMIZATION_LEVEL = 0;
				GCC_PREPROCESSOR_DEFINITIONS = (
					"DEBUG=1",
					"$(inherited)",
				);
				GCC_WARN_64_TO_32_BIT_CONVERSION = YES;
				GCC_WARN_ABOUT_RETURN_TYPE = YES_ERROR;
				GCC_WARN_UNDECLARED_SELECTOR = YES;
				GCC_WARN_UNINITIALIZED_AUTOS = YES_AGGRESSIVE;
				GCC_WARN_UNUSED_FUNCTION = YES;
				GCC_WARN_UNUSED_VARIABLE = YES;
				IPHONEOS_DEPLOYMENT_TARGET = 10.0;
				MTL_ENABLE_DEBUG_INFO = YES;
				ONLY_ACTIVE_ARCH = YES;
				SDKROOT = iphoneos;
				SWIFT_ACTIVE_COMPILATION_CONDITIONS = DEBUG;
				SWIFT_OPTIMIZATION_LEVEL = "-Onone";
				TARGETED_DEVICE_FAMILY = "1,2";
			};
			name = Debug;
		};
		11296B9D1EA44AB500DFFE3A /* Release */ = {
			isa = XCBuildConfiguration;
			buildSettings = {
				ALWAYS_SEARCH_USER_PATHS = NO;
				CLANG_ANALYZER_NONNULL = YES;
				CLANG_CXX_LANGUAGE_STANDARD = "gnu++0x";
				CLANG_CXX_LIBRARY = "libc++";
				CLANG_ENABLE_MODULES = YES;
				CLANG_ENABLE_OBJC_ARC = YES;
				CLANG_WARN_BOOL_CONVERSION = YES;
				CLANG_WARN_CONSTANT_CONVERSION = YES;
				CLANG_WARN_DIRECT_OBJC_ISA_USAGE = YES_ERROR;
				CLANG_WARN_DOCUMENTATION_COMMENTS = YES;
				CLANG_WARN_EMPTY_BODY = YES;
				CLANG_WARN_ENUM_CONVERSION = YES;
				CLANG_WARN_INFINITE_RECURSION = YES;
				CLANG_WARN_INT_CONVERSION = YES;
				CLANG_WARN_OBJC_ROOT_CLASS = YES_ERROR;
				CLANG_WARN_SUSPICIOUS_MOVE = YES;
				CLANG_WARN_SUSPICIOUS_MOVES = YES;
				CLANG_WARN_UNREACHABLE_CODE = YES;
				CLANG_WARN__DUPLICATE_METHOD_MATCH = YES;
				"CODE_SIGN_IDENTITY[sdk=iphoneos*]" = "iPhone Developer";
				COPY_PHASE_STRIP = NO;
				DEBUG_INFORMATION_FORMAT = "dwarf-with-dsym";
				ENABLE_NS_ASSERTIONS = NO;
				ENABLE_STRICT_OBJC_MSGSEND = YES;
				GCC_C_LANGUAGE_STANDARD = gnu99;
				GCC_NO_COMMON_BLOCKS = YES;
				GCC_WARN_64_TO_32_BIT_CONVERSION = YES;
				GCC_WARN_ABOUT_RETURN_TYPE = YES_ERROR;
				GCC_WARN_UNDECLARED_SELECTOR = YES;
				GCC_WARN_UNINITIALIZED_AUTOS = YES_AGGRESSIVE;
				GCC_WARN_UNUSED_FUNCTION = YES;
				GCC_WARN_UNUSED_VARIABLE = YES;
				IPHONEOS_DEPLOYMENT_TARGET = 10.0;
				MTL_ENABLE_DEBUG_INFO = NO;
				SDKROOT = iphoneos;
				SWIFT_OPTIMIZATION_LEVEL = "-Owholemodule";
				TARGETED_DEVICE_FAMILY = "1,2";
				VALIDATE_PRODUCT = YES;
			};
			name = Release;
		};
		11296B9F1EA44AB500DFFE3A /* Debug */ = {
			isa = XCBuildConfiguration;
			baseConfigurationReference = 362A35C5C5B646F5CA1B420F /* Pods-Traveling Children Project.debug.xcconfig */;
			buildSettings = {
				ASSETCATALOG_COMPILER_APPICON_NAME = AppIcon;
				DEVELOPMENT_TEAM = "";
				INFOPLIST_FILE = "Traveling Children Project/Info.plist";
				LD_RUNPATH_SEARCH_PATHS = "$(inherited) @executable_path/Frameworks";
				PRODUCT_BUNDLE_IDENTIFIER = "com.tcp.Traveling-Children-Project";
				PRODUCT_NAME = "$(TARGET_NAME)";
				SWIFT_VERSION = 3.0;
			};
			name = Debug;
		};
		11296BA01EA44AB500DFFE3A /* Release */ = {
			isa = XCBuildConfiguration;
			baseConfigurationReference = BBE5ACA350C127DA75C08D8E /* Pods-Traveling Children Project.release.xcconfig */;
			buildSettings = {
				ASSETCATALOG_COMPILER_APPICON_NAME = AppIcon;
				DEVELOPMENT_TEAM = "";
				INFOPLIST_FILE = "Traveling Children Project/Info.plist";
				LD_RUNPATH_SEARCH_PATHS = "$(inherited) @executable_path/Frameworks";
				PRODUCT_BUNDLE_IDENTIFIER = "com.tcp.Traveling-Children-Project";
				PRODUCT_NAME = "$(TARGET_NAME)";
				SWIFT_VERSION = 3.0;
			};
			name = Release;
		};
/* End XCBuildConfiguration section */

/* Begin XCConfigurationList section */
		11296B851EA44AB500DFFE3A /* Build configuration list for PBXProject "Traveling Children Project" */ = {
			isa = XCConfigurationList;
			buildConfigurations = (
				11296B9C1EA44AB500DFFE3A /* Debug */,
				11296B9D1EA44AB500DFFE3A /* Release */,
			);
			defaultConfigurationIsVisible = 0;
			defaultConfigurationName = Release;
		};
		11296B9E1EA44AB500DFFE3A /* Build configuration list for PBXNativeTarget "Traveling Children Project" */ = {
			isa = XCConfigurationList;
			buildConfigurations = (
				11296B9F1EA44AB500DFFE3A /* Debug */,
				11296BA01EA44AB500DFFE3A /* Release */,
			);
			defaultConfigurationIsVisible = 0;
			defaultConfigurationName = Release;
		};
/* End XCConfigurationList section */
	};
	rootObject = 11296B821EA44AB500DFFE3A /* Project object */;
}
